
Microsoft Visual Studio Solution File, Format Version 12.00
# Visual Studio Version 17
VisualStudioVersion = 17.6.33829.357
MinimumVisualStudioVersion = 10.0.40219.1
Project("{FAE04EC0-301F-11D3-BF4B-00C04F79EFBC}") = "RankingAppTest", "RankingAppTest\RankingAppTest.csproj", "{F7D74597-62F4-408F-B26C-95DCE18E46CB}"
EndProject
Global
	GlobalSection(SolutionConfigurationPlatforms) = preSolution
		Debug|Any CPU = Debug|Any CPU
		Release|Any CPU = Release|Any CPU
	EndGlobalSection
	GlobalSection(ProjectConfigurationPlatforms) = postSolution
		{F7D74597-62F4-408F-B26C-95DCE18E46CB}.Debug|Any CPU.ActiveCfg = Debug|Any CPU
		{F7D74597-62F4-408F-B26C-95DCE18E46CB}.Debug|Any CPU.Build.0 = Debug|Any CPU
		{F7D74597-62F4-408F-B26C-95DCE18E46CB}.Release|Any CPU.ActiveCfg = Release|Any CPU
		{F7D74597-62F4-408F-B26C-95DCE18E46CB}.Release|Any CPU.Build.0 = Release|Any CPU
	EndGlobalSection
	GlobalSection(SolutionProperties) = preSolution
		HideSolutionNode = FALSE
	EndGlobalSection
	GlobalSection(ExtensibilityGlobals) = postSolution
		SolutionGuid = {0846471F-927E-4482-AB81-F60498B8B226}
	EndGlobalSection
EndGlobal
